
Microsoft Visual Studio Solution File, Format Version 12.00
# Visual Studio 15
VisualStudioVersion = 15.0.27130.2027
MinimumVisualStudioVersion = 10.0.40219.1
Project("{FAE04EC0-301F-11D3-BF4B-00C04F79EFBC}") = "GitTraining-NET", "GitTraining-NET\GitTraining-NET.csproj", "{EB65401E-48FA-4F28-9B61-657E3AC1D62A}"
EndProject
Global
	GlobalSection(SolutionConfigurationPlatforms) = preSolution
		Debug|Any CPU = Debug|Any CPU
		Release|Any CPU = Release|Any CPU
	EndGlobalSection
	GlobalSection(ProjectConfigurationPlatforms) = postSolution
		{EB65401E-48FA-4F28-9B61-657E3AC1D62A}.Debug|Any CPU.ActiveCfg = Debug|Any CPU
		{EB65401E-48FA-4F28-9B61-657E3AC1D62A}.Debug|Any CPU.Build.0 = Debug|Any CPU
		{EB65401E-48FA-4F28-9B61-657E3AC1D62A}.Release|Any CPU.ActiveCfg = Release|Any CPU
		{EB65401E-48FA-4F28-9B61-657E3AC1D62A}.Release|Any CPU.Build.0 = Release|Any CPU
	EndGlobalSection
	GlobalSection(SolutionProperties) = preSolution
		HideSolutionNode = FALSE
	EndGlobalSection
	GlobalSection(ExtensibilityGlobals) = postSolution
		SolutionGuid = {552E1C44-18BD-40B0-AF0C-AF4890ED754E}
	EndGlobalSection
EndGlobal
